
Microsoft Visual Studio Solution File, Format Version 12.00
# Visual Studio Version 17
VisualStudioVersion = 17.13.35931.197
MinimumVisualStudioVersion = 10.0.40219.1
Project("{8BC9CEB8-8B4A-11D0-8D11-00A0C91BC942}") = "Homework", "Homework\Homework.vcxproj", "{52474B28-A2D5-4644-818E-3C98F43EB425}"
EndProject
Project("{8BC9CEB8-8B4A-11D0-8D11-00A0C91BC942}") = "Subscript operator in String DONE", "Subscript operator in String DONE\Subscript operator in String DONE.vcxproj", "{0B307236-E86B-4113-827F-2523A111AC98}"
EndProject
Project("{8BC9CEB8-8B4A-11D0-8D11-00A0C91BC942}") = "Caling constractors DONE", "Caling constractors DONE\Caling constractors DONE.vcxproj", "{3002F633-4A7B-4590-A1E8-AB8C782A2BD0}"
EndProject
Project("{8BC9CEB8-8B4A-11D0-8D11-00A0C91BC942}") = "Fraction day1", "Fraction day1\Fraction day1.vcxproj", "{7C7FE431-C0C1-49C9-8901-9F849EF3F154}"
EndProject
Project("{8BC9CEB8-8B4A-11D0-8D11-00A0C91BC942}") = "Operators in progress", "Operators in progress\Operators in progress.vcxproj", "{F786C8E4-747A-458A-B1D2-CF35AF08990A}"
EndProject
Project("{8BC9CEB8-8B4A-11D0-8D11-00A0C91BC942}") = "Comparison operators", "Comparison operators\Comparison operators.vcxproj", "{D12475CE-CDB8-406A-9BF8-2F8930D5D5CC}"
EndProject
Project("{8BC9CEB8-8B4A-11D0-8D11-00A0C91BC942}") = "operator double DONE", "Have a nice day DONE\Have a nice day DONE.vcxproj", "{F627D12C-9810-47FD-A6C6-AB11DAF1D973}"
EndProject
Project("{8BC9CEB8-8B4A-11D0-8D11-00A0C91BC942}") = "Calling constructors", "Calling constructors\Calling constructors.vcxproj", "{F6349E90-D763-45A3-8BEB-153C507C3F3D}"
EndProject
Project("{8BC9CEB8-8B4A-11D0-8D11-00A0C91BC942}") = "Inheritance day", "Inheritance day\Inheritance day.vcxproj", "{9014024F-1EB6-4BD5-B9D5-BF94481F2865}"
EndProject
Project("{8BC9CEB8-8B4A-11D0-8D11-00A0C91BC942}") = "Graduate DONE", "Graduate DONE\Graduate DONE.vcxproj", "{5649B396-B943-4DDF-A7FA-865BC9AE1B5D}"
EndProject
Project("{8BC9CEB8-8B4A-11D0-8D11-00A0C91BC942}") = "ostream operator in Academy", "ostream operator in Academy\ostream operator in Academy.vcxproj", "{29EC5822-1267-4647-8929-04E2A94BC0CB}"
EndProject
Project("{8BC9CEB8-8B4A-11D0-8D11-00A0C91BC942}") = "HumanFactory", "HumanFactory\HumanFactory.vcxproj", "{C4516FDF-7862-43E1-87AF-D6AF253FCEBE}"
EndProject
Project("{8BC9CEB8-8B4A-11D0-8D11-00A0C91BC942}") = "Academy MissionComplete", "Academy MissionComplete\Academy MissionComplete.vcxproj", "{85643EE6-E8A2-477C-832F-4EC4FC1724A0}"
EndProject
Project("{8BC9CEB8-8B4A-11D0-8D11-00A0C91BC942}") = "Ractangle & Square DONE", "Ractangle & Square DONE\Ractangle & Square DONE.vcxproj", "{33C0CD17-01EC-4C7B-8C7E-6A27C4D0CA7B}"
EndProject
Project("{8BC9CEB8-8B4A-11D0-8D11-00A0C91BC942}") = "EquilateralTriangle DONE", "EquilateralTriangle DONE\EquilateralTriangle DONE.vcxproj", "{44527EF4-EE69-4253-BB68-F1DC4900D847}"
EndProject
Project("{8BC9CEB8-8B4A-11D0-8D11-00A0C91BC942}") = "operator+", "operator+\operator+.vcxproj", "{6B8A5755-9ABA-4BD4-89A5-A047B6BAC6F7}"
EndProject
Global
	GlobalSection(SolutionConfigurationPlatforms) = preSolution
		Debug|x64 = Debug|x64
		Debug|x86 = Debug|x86
		Release|x64 = Release|x64
		Release|x86 = Release|x86
	EndGlobalSection
	GlobalSection(ProjectConfigurationPlatforms) = postSolution
		{52474B28-A2D5-4644-818E-3C98F43EB425}.Debug|x64.ActiveCfg = Debug|x64
		{52474B28-A2D5-4644-818E-3C98F43EB425}.Debug|x64.Build.0 = Debug|x64
		{52474B28-A2D5-4644-818E-3C98F43EB425}.Debug|x86.ActiveCfg = Debug|Win32
		{52474B28-A2D5-4644-818E-3C98F43EB425}.Debug|x86.Build.0 = Debug|Win32
		{52474B28-A2D5-4644-818E-3C98F43EB425}.Release|x64.ActiveCfg = Release|x64
		{52474B28-A2D5-4644-818E-3C98F43EB425}.Release|x64.Build.0 = Release|x64
		{52474B28-A2D5-4644-818E-3C98F43EB425}.Release|x86.ActiveCfg = Release|Win32
		{52474B28-A2D5-4644-818E-3C98F43EB425}.Release|x86.Build.0 = Release|Win32
		{0B307236-E86B-4113-827F-2523A111AC98}.Debug|x64.ActiveCfg = Debug|x64
		{0B307236-E86B-4113-827F-2523A111AC98}.Debug|x64.Build.0 = Debug|x64
		{0B307236-E86B-4113-827F-2523A111AC98}.Debug|x86.ActiveCfg = Debug|Win32
		{0B307236-E86B-4113-827F-2523A111AC98}.Debug|x86.Build.0 = Debug|Win32
		{0B307236-E86B-4113-827F-2523A111AC98}.Release|x64.ActiveCfg = Release|x64
		{0B307236-E86B-4113-827F-2523A111AC98}.Release|x64.Build.0 = Release|x64
		{0B307236-E86B-4113-827F-2523A111AC98}.Release|x86.ActiveCfg = Release|Win32
		{0B307236-E86B-4113-827F-2523A111AC98}.Release|x86.Build.0 = Release|Win32
		{3002F633-4A7B-4590-A1E8-AB8C782A2BD0}.Debug|x64.ActiveCfg = Debug|x64
		{3002F633-4A7B-4590-A1E8-AB8C782A2BD0}.Debug|x64.Build.0 = Debug|x64
		{3002F633-4A7B-4590-A1E8-AB8C782A2BD0}.Debug|x86.ActiveCfg = Debug|Win32
		{3002F633-4A7B-4590-A1E8-AB8C782A2BD0}.Debug|x86.Build.0 = Debug|Win32
		{3002F633-4A7B-4590-A1E8-AB8C782A2BD0}.Release|x64.ActiveCfg = Release|x64
		{3002F633-4A7B-4590-A1E8-AB8C782A2BD0}.Release|x64.Build.0 = Release|x64
		{3002F633-4A7B-4590-A1E8-AB8C782A2BD0}.Release|x86.ActiveCfg = Release|Win32
		{3002F633-4A7B-4590-A1E8-AB8C782A2BD0}.Release|x86.Build.0 = Release|Win32
		{7C7FE431-C0C1-49C9-8901-9F849EF3F154}.Debug|x64.ActiveCfg = Debug|x64
		{7C7FE431-C0C1-49C9-8901-9F849EF3F154}.Debug|x64.Build.0 = Debug|x64
		{7C7FE431-C0C1-49C9-8901-9F849EF3F154}.Debug|x86.ActiveCfg = Debug|Win32
		{7C7FE431-C0C1-49C9-8901-9F849EF3F154}.Debug|x86.Build.0 = Debug|Win32
		{7C7FE431-C0C1-49C9-8901-9F849EF3F154}.Release|x64.ActiveCfg = Release|x64
		{7C7FE431-C0C1-49C9-8901-9F849EF3F154}.Release|x64.Build.0 = Release|x64
		{7C7FE431-C0C1-49C9-8901-9F849EF3F154}.Release|x86.ActiveCfg = Release|Win32
		{7C7FE431-C0C1-49C9-8901-9F849EF3F154}.Release|x86.Build.0 = Release|Win32
		{F786C8E4-747A-458A-B1D2-CF35AF08990A}.Debug|x64.ActiveCfg = Debug|x64
		{F786C8E4-747A-458A-B1D2-CF35AF08990A}.Debug|x64.Build.0 = Debug|x64
		{F786C8E4-747A-458A-B1D2-CF35AF08990A}.Debug|x86.ActiveCfg = Debug|Win32
		{F786C8E4-747A-458A-B1D2-CF35AF08990A}.Debug|x86.Build.0 = Debug|Win32
		{F786C8E4-747A-458A-B1D2-CF35AF08990A}.Release|x64.ActiveCfg = Release|x64
		{F786C8E4-747A-458A-B1D2-CF35AF08990A}.Release|x64.Build.0 = Release|x64
		{F786C8E4-747A-458A-B1D2-CF35AF08990A}.Release|x86.ActiveCfg = Release|Win32
		{F786C8E4-747A-458A-B1D2-CF35AF08990A}.Release|x86.Build.0 = Release|Win32
		{D12475CE-CDB8-406A-9BF8-2F8930D5D5CC}.Debug|x64.ActiveCfg = Debug|x64
		{D12475CE-CDB8-406A-9BF8-2F8930D5D5CC}.Debug|x64.Build.0 = Debug|x64
		{D12475CE-CDB8-406A-9BF8-2F8930D5D5CC}.Debug|x86.ActiveCfg = Debug|Win32
		{D12475CE-CDB8-406A-9BF8-2F8930D5D5CC}.Debug|x86.Build.0 = Debug|Win32
		{D12475CE-CDB8-406A-9BF8-2F8930D5D5CC}.Release|x64.ActiveCfg = Release|x64
		{D12475CE-CDB8-406A-9BF8-2F8930D5D5CC}.Release|x64.Build.0 = Release|x64
		{D12475CE-CDB8-406A-9BF8-2F8930D5D5CC}.Release|x86.ActiveCfg = Release|Win32
		{D12475CE-CDB8-406A-9BF8-2F8930D5D5CC}.Release|x86.Build.0 = Release|Win32
		{F627D12C-9810-47FD-A6C6-AB11DAF1D973}.Debug|x64.ActiveCfg = Debug|x64
		{F627D12C-9810-47FD-A6C6-AB11DAF1D973}.Debug|x64.Build.0 = Debug|x64
		{F627D12C-9810-47FD-A6C6-AB11DAF1D973}.Debug|x86.ActiveCfg = Debug|Win32
		{F627D12C-9810-47FD-A6C6-AB11DAF1D973}.Debug|x86.Build.0 = Debug|Win32
		{F627D12C-9810-47FD-A6C6-AB11DAF1D973}.Release|x64.ActiveCfg = Release|x64
		{F627D12C-9810-47FD-A6C6-AB11DAF1D973}.Release|x64.Build.0 = Release|x64
		{F627D12C-9810-47FD-A6C6-AB11DAF1D973}.Release|x86.ActiveCfg = Release|Win32
		{F627D12C-9810-47FD-A6C6-AB11DAF1D973}.Release|x86.Build.0 = Release|Win32
		{F6349E90-D763-45A3-8BEB-153C507C3F3D}.Debug|x64.ActiveCfg = Debug|x64
		{F6349E90-D763-45A3-8BEB-153C507C3F3D}.Debug|x64.Build.0 = Debug|x64
		{F6349E90-D763-45A3-8BEB-153C507C3F3D}.Debug|x86.ActiveCfg = Debug|Win32
		{F6349E90-D763-45A3-8BEB-153C507C3F3D}.Debug|x86.Build.0 = Debug|Win32
		{F6349E90-D763-45A3-8BEB-153C507C3F3D}.Release|x64.ActiveCfg = Release|x64
		{F6349E90-D763-45A3-8BEB-153C507C3F3D}.Release|x64.Build.0 = Release|x64
		{F6349E90-D763-45A3-8BEB-153C507C3F3D}.Release|x86.ActiveCfg = Release|Win32
		{F6349E90-D763-45A3-8BEB-153C507C3F3D}.Release|x86.Build.0 = Release|Win32
		{9014024F-1EB6-4BD5-B9D5-BF94481F2865}.Debug|x64.ActiveCfg = Debug|x64
		{9014024F-1EB6-4BD5-B9D5-BF94481F2865}.Debug|x64.Build.0 = Debug|x64
		{9014024F-1EB6-4BD5-B9D5-BF94481F2865}.Debug|x86.ActiveCfg = Debug|Win32
		{9014024F-1EB6-4BD5-B9D5-BF94481F2865}.Debug|x86.Build.0 = Debug|Win32
		{9014024F-1EB6-4BD5-B9D5-BF94481F2865}.Release|x64.ActiveCfg = Release|x64
		{9014024F-1EB6-4BD5-B9D5-BF94481F2865}.Release|x64.Build.0 = Release|x64
		{9014024F-1EB6-4BD5-B9D5-BF94481F2865}.Release|x86.ActiveCfg = Release|Win32
		{9014024F-1EB6-4BD5-B9D5-BF94481F2865}.Release|x86.Build.0 = Release|Win32
		{5649B396-B943-4DDF-A7FA-865BC9AE1B5D}.Debug|x64.ActiveCfg = Debug|x64
		{5649B396-B943-4DDF-A7FA-865BC9AE1B5D}.Debug|x64.Build.0 = Debug|x64
		{5649B396-B943-4DDF-A7FA-865BC9AE1B5D}.Debug|x86.ActiveCfg = Debug|Win32
		{5649B396-B943-4DDF-A7FA-865BC9AE1B5D}.Debug|x86.Build.0 = Debug|Win32
		{5649B396-B943-4DDF-A7FA-865BC9AE1B5D}.Release|x64.ActiveCfg = Release|x64
		{5649B396-B943-4DDF-A7FA-865BC9AE1B5D}.Release|x64.Build.0 = Release|x64
		{5649B396-B943-4DDF-A7FA-865BC9AE1B5D}.Release|x86.ActiveCfg = Release|Win32
		{5649B396-B943-4DDF-A7FA-865BC9AE1B5D}.Release|x86.Build.0 = Release|Win32
		{29EC5822-1267-4647-8929-04E2A94BC0CB}.Debug|x64.ActiveCfg = Debug|x64
		{29EC5822-1267-4647-8929-04E2A94BC0CB}.Debug|x64.Build.0 = Debug|x64
		{29EC5822-1267-4647-8929-04E2A94BC0CB}.Debug|x86.ActiveCfg = Debug|Win32
		{29EC5822-1267-4647-8929-04E2A94BC0CB}.Debug|x86.Build.0 = Debug|Win32
		{29EC5822-1267-4647-8929-04E2A94BC0CB}.Release|x64.ActiveCfg = Release|x64
		{29EC5822-1267-4647-8929-04E2A94BC0CB}.Release|x64.Build.0 = Release|x64
		{29EC5822-1267-4647-8929-04E2A94BC0CB}.Release|x86.ActiveCfg = Release|Win32
		{29EC5822-1267-4647-8929-04E2A94BC0CB}.Release|x86.Build.0 = Release|Win32
		{C4516FDF-7862-43E1-87AF-D6AF253FCEBE}.Debug|x64.ActiveCfg = Debug|x64
		{C4516FDF-7862-43E1-87AF-D6AF253FCEBE}.Debug|x64.Build.0 = Debug|x64
		{C4516FDF-7862-43E1-87AF-D6AF253FCEBE}.Debug|x86.ActiveCfg = Debug|Win32
		{C4516FDF-7862-43E1-87AF-D6AF253FCEBE}.Debug|x86.Build.0 = Debug|Win32
		{C4516FDF-7862-43E1-87AF-D6AF253FCEBE}.Release|x64.ActiveCfg = Release|x64
		{C4516FDF-7862-43E1-87AF-D6AF253FCEBE}.Release|x64.Build.0 = Release|x64
		{C4516FDF-7862-43E1-87AF-D6AF253FCEBE}.Release|x86.ActiveCfg = Release|Win32
		{C4516FDF-7862-43E1-87AF-D6AF253FCEBE}.Release|x86.Build.0 = Release|Win32
		{85643EE6-E8A2-477C-832F-4EC4FC1724A0}.Debug|x64.ActiveCfg = Debug|x64
		{85643EE6-E8A2-477C-832F-4EC4FC1724A0}.Debug|x64.Build.0 = Debug|x64
		{85643EE6-E8A2-477C-832F-4EC4FC1724A0}.Debug|x86.ActiveCfg = Debug|Win32
		{85643EE6-E8A2-477C-832F-4EC4FC1724A0}.Debug|x86.Build.0 = Debug|Win32
		{85643EE6-E8A2-477C-832F-4EC4FC1724A0}.Release|x64.ActiveCfg = Release|x64
		{85643EE6-E8A2-477C-832F-4EC4FC1724A0}.Release|x64.Build.0 = Release|x64
		{85643EE6-E8A2-477C-832F-4EC4FC1724A0}.Release|x86.ActiveCfg = Release|Win32
		{85643EE6-E8A2-477C-832F-4EC4FC1724A0}.Release|x86.Build.0 = Release|Win32
		{33C0CD17-01EC-4C7B-8C7E-6A27C4D0CA7B}.Debug|x64.ActiveCfg = Debug|x64
		{33C0CD17-01EC-4C7B-8C7E-6A27C4D0CA7B}.Debug|x64.Build.0 = Debug|x64
		{33C0CD17-01EC-4C7B-8C7E-6A27C4D0CA7B}.Debug|x86.ActiveCfg = Debug|Win32
		{33C0CD17-01EC-4C7B-8C7E-6A27C4D0CA7B}.Debug|x86.Build.0 = Debug|Win32
		{33C0CD17-01EC-4C7B-8C7E-6A27C4D0CA7B}.Release|x64.ActiveCfg = Release|x64
		{33C0CD17-01EC-4C7B-8C7E-6A27C4D0CA7B}.Release|x64.Build.0 = Release|x64
		{33C0CD17-01EC-4C7B-8C7E-6A27C4D0CA7B}.Release|x86.ActiveCfg = Release|Win32
		{33C0CD17-01EC-4C7B-8C7E-6A27C4D0CA7B}.Release|x86.Build.0 = Release|Win32
		{44527EF4-EE69-4253-BB68-F1DC4900D847}.Debug|x64.ActiveCfg = Debug|x64
		{44527EF4-EE69-4253-BB68-F1DC4900D847}.Debug|x64.Build.0 = Debug|x64
		{44527EF4-EE69-4253-BB68-F1DC4900D847}.Debug|x86.ActiveCfg = Debug|Win32
		{44527EF4-EE69-4253-BB68-F1DC4900D847}.Debug|x86.Build.0 = Debug|Win32
		{44527EF4-EE69-4253-BB68-F1DC4900D847}.Release|x64.ActiveCfg = Release|x64
		{44527EF4-EE69-4253-BB68-F1DC4900D847}.Release|x64.Build.0 = Release|x64
		{44527EF4-EE69-4253-BB68-F1DC4900D847}.Release|x86.ActiveCfg = Release|Win32
		{44527EF4-EE69-4253-BB68-F1DC4900D847}.Release|x86.Build.0 = Release|Win32
		{6B8A5755-9ABA-4BD4-89A5-A047B6BAC6F7}.Debug|x64.ActiveCfg = Debug|x64
		{6B8A5755-9ABA-4BD4-89A5-A047B6BAC6F7}.Debug|x64.Build.0 = Debug|x64
		{6B8A5755-9ABA-4BD4-89A5-A047B6BAC6F7}.Debug|x86.ActiveCfg = Debug|Win32
		{6B8A5755-9ABA-4BD4-89A5-A047B6BAC6F7}.Debug|x86.Build.0 = Debug|Win32
		{6B8A5755-9ABA-4BD4-89A5-A047B6BAC6F7}.Release|x64.ActiveCfg = Release|x64
		{6B8A5755-9ABA-4BD4-89A5-A047B6BAC6F7}.Release|x64.Build.0 = Release|x64
		{6B8A5755-9ABA-4BD4-89A5-A047B6BAC6F7}.Release|x86.ActiveCfg = Release|Win32
		{6B8A5755-9ABA-4BD4-89A5-A047B6BAC6F7}.Release|x86.Build.0 = Release|Win32
	EndGlobalSection
	GlobalSection(SolutionProperties) = preSolution
		HideSolutionNode = FALSE
	EndGlobalSection
	GlobalSection(ExtensibilityGlobals) = postSolution
		SolutionGuid = {1CEB3304-D3C0-4CC7-8A04-2D9F58C26B5B}
	EndGlobalSection
EndGlobal
